
Microsoft Visual Studio Solution File, Format Version 12.00
# Visual Studio 14
VisualStudioVersion = 14.0.23107.0
MinimumVisualStudioVersion = 10.0.40219.1
Project("{FAE04EC0-301F-11D3-BF4B-00C04F79EFBC}") = "TeamJAMiN.Web", "TeamJAMiN\TeamJAMiN.Web.csproj", "{02F0DA8C-09DE-49C0-B6EC-B5920C724090}"
EndProject
Project("{FAE04EC0-301F-11D3-BF4B-00C04F79EFBC}") = "TeamJAMiN.Tests", "TeamJAMiN.Tests\TeamJAMiN.Tests.csproj", "{D2847325-EC05-48B2-9DB2-9C72BF362A5D}"
EndProject
Global
	GlobalSection(SolutionConfigurationPlatforms) = preSolution
		Debug|Any CPU = Debug|Any CPU
		Release|Any CPU = Release|Any CPU
	EndGlobalSection
	GlobalSection(ProjectConfigurationPlatforms) = postSolution
		{02F0DA8C-09DE-49C0-B6EC-B5920C724090}.Debug|Any CPU.ActiveCfg = Debug|Any CPU
		{02F0DA8C-09DE-49C0-B6EC-B5920C724090}.Debug|Any CPU.Build.0 = Debug|Any CPU
		{02F0DA8C-09DE-49C0-B6EC-B5920C724090}.Release|Any CPU.ActiveCfg = Release|Any CPU
		{02F0DA8C-09DE-49C0-B6EC-B5920C724090}.Release|Any CPU.Build.0 = Release|Any CPU
		{D2847325-EC05-48B2-9DB2-9C72BF362A5D}.Debug|Any CPU.ActiveCfg = Debug|Any CPU
		{D2847325-EC05-48B2-9DB2-9C72BF362A5D}.Debug|Any CPU.Build.0 = Debug|Any CPU
		{D2847325-EC05-48B2-9DB2-9C72BF362A5D}.Release|Any CPU.ActiveCfg = Release|Any CPU
		{D2847325-EC05-48B2-9DB2-9C72BF362A5D}.Release|Any CPU.Build.0 = Release|Any CPU
	EndGlobalSection
	GlobalSection(SolutionProperties) = preSolution
		HideSolutionNode = FALSE
	EndGlobalSection
EndGlobal
